
Microsoft Visual Studio Solution File, Format Version 12.00
# Visual Studio 14
VisualStudioVersion = 14.0.23107.0
MinimumVisualStudioVersion = 10.0.40219.1
Project("{FAE04EC0-301F-11D3-BF4B-00C04F79EFBC}") = "24 point", "24 point\24 point.csproj", "{32BA8DF0-C524-4A13-AA16-028B798B7A9F}"
EndProject
Global
	GlobalSection(SolutionConfigurationPlatforms) = preSolution
		Debug|Any CPU = Debug|Any CPU
		Release|Any CPU = Release|Any CPU
	EndGlobalSection
	GlobalSection(ProjectConfigurationPlatforms) = postSolution
		{32BA8DF0-C524-4A13-AA16-028B798B7A9F}.Debug|Any CPU.ActiveCfg = Debug|Any CPU
		{32BA8DF0-C524-4A13-AA16-028B798B7A9F}.Debug|Any CPU.Build.0 = Debug|Any CPU
		{32BA8DF0-C524-4A13-AA16-028B798B7A9F}.Release|Any CPU.ActiveCfg = Release|Any CPU
		{32BA8DF0-C524-4A13-AA16-028B798B7A9F}.Release|Any CPU.Build.0 = Release|Any CPU
	EndGlobalSection
	GlobalSection(SolutionProperties) = preSolution
		HideSolutionNode = FALSE
	EndGlobalSection
EndGlobal
