
Microsoft Visual Studio Solution File, Format Version 12.00
# Visual Studio 14
VisualStudioVersion = 14.0.23107.0
MinimumVisualStudioVersion = 10.0.40219.1
Project("{FAE04EC0-301F-11D3-BF4B-00C04F79EFBC}") = "DLsite Downloader", "DLsite Downloader\DLsite Downloader.csproj", "{B4955839-31BF-4D5E-B4B6-6EDF47872C56}"
EndProject
Global
	GlobalSection(SolutionConfigurationPlatforms) = preSolution
		Debug|Any CPU = Debug|Any CPU
		Release|Any CPU = Release|Any CPU
	EndGlobalSection
	GlobalSection(ProjectConfigurationPlatforms) = postSolution
		{B4955839-31BF-4D5E-B4B6-6EDF47872C56}.Debug|Any CPU.ActiveCfg = Debug|Any CPU
		{B4955839-31BF-4D5E-B4B6-6EDF47872C56}.Debug|Any CPU.Build.0 = Debug|Any CPU
		{B4955839-31BF-4D5E-B4B6-6EDF47872C56}.Release|Any CPU.ActiveCfg = Release|Any CPU
		{B4955839-31BF-4D5E-B4B6-6EDF47872C56}.Release|Any CPU.Build.0 = Release|Any CPU
	EndGlobalSection
	GlobalSection(SolutionProperties) = preSolution
		HideSolutionNode = FALSE
	EndGlobalSection
EndGlobal
